
Microsoft Visual Studio Solution File, Format Version 12.00
# Visual Studio Version 17
VisualStudioVersion = 17.14.36221.1 d17.14
MinimumVisualStudioVersion = 10.0.40219.1
Project("{54A90642-561A-4BB1-A94E-469ADEE60C69}") = "programmingclass6.angular.client", "programmingclass6.angular.client\programmingclass6.angular.client.esproj", "{9F4EBA33-31EF-2D13-5C1F-0F8C353525FF}"
EndProject
Project("{FAE04EC0-301F-11D3-BF4B-00C04F79EFBC}") = "ProgrammingClass6.Angular.Server", "ProgrammingClass6.Angular.Server\ProgrammingClass6.Angular.Server.csproj", "{2BAC05F0-CD42-44A5-A347-9A17BDE9D687}"
EndProject
Global
	GlobalSection(SolutionConfigurationPlatforms) = preSolution
		Debug|Any CPU = Debug|Any CPU
		Release|Any CPU = Release|Any CPU
	EndGlobalSection
	GlobalSection(ProjectConfigurationPlatforms) = postSolution
		{9F4EBA33-31EF-2D13-5C1F-0F8C353525FF}.Debug|Any CPU.ActiveCfg = Debug|Any CPU
		{9F4EBA33-31EF-2D13-5C1F-0F8C353525FF}.Debug|Any CPU.Build.0 = Debug|Any CPU
		{9F4EBA33-31EF-2D13-5C1F-0F8C353525FF}.Debug|Any CPU.Deploy.0 = Debug|Any CPU
		{9F4EBA33-31EF-2D13-5C1F-0F8C353525FF}.Release|Any CPU.ActiveCfg = Release|Any CPU
		{9F4EBA33-31EF-2D13-5C1F-0F8C353525FF}.Release|Any CPU.Build.0 = Release|Any CPU
		{9F4EBA33-31EF-2D13-5C1F-0F8C353525FF}.Release|Any CPU.Deploy.0 = Release|Any CPU
		{2BAC05F0-CD42-44A5-A347-9A17BDE9D687}.Debug|Any CPU.ActiveCfg = Debug|Any CPU
		{2BAC05F0-CD42-44A5-A347-9A17BDE9D687}.Debug|Any CPU.Build.0 = Debug|Any CPU
		{2BAC05F0-CD42-44A5-A347-9A17BDE9D687}.Release|Any CPU.ActiveCfg = Release|Any CPU
		{2BAC05F0-CD42-44A5-A347-9A17BDE9D687}.Release|Any CPU.Build.0 = Release|Any CPU
	EndGlobalSection
	GlobalSection(SolutionProperties) = preSolution
		HideSolutionNode = FALSE
	EndGlobalSection
	GlobalSection(ExtensibilityGlobals) = postSolution
		SolutionGuid = {4C375B0E-CC1C-4A57-87EF-B3F52331DFBB}
	EndGlobalSection
EndGlobal
